// !$*UTF8*$!
{
	archiveVersion = 1;
	classes = {
	};
	objectVersion = 50;
	objects = {

/* Begin PBXBuildFile section */
		67057740265F364800701A29 /* AppDelegate.swift in Sources */ = {isa = PBXBuildFile; fileRef = 6705773F265F364800701A29 /* AppDelegate.swift */; };
		67057742265F364800701A29 /* SceneDelegate.swift in Sources */ = {isa = PBXBuildFile; fileRef = 67057741265F364800701A29 /* SceneDelegate.swift */; };
		67057744265F364800701A29 /* ViewController.swift in Sources */ = {isa = PBXBuildFile; fileRef = 67057743265F364800701A29 /* ViewController.swift */; };
		67057747265F364800701A29 /* Main.storyboard in Resources */ = {isa = PBXBuildFile; fileRef = 67057745265F364800701A29 /* Main.storyboard */; };
		67057749265F364800701A29 /* Assets.xcassets in Resources */ = {isa = PBXBuildFile; fileRef = 67057748265F364800701A29 /* Assets.xcassets */; };
		6705774C265F364800701A29 /* LaunchScreen.storyboard in Resources */ = {isa = PBXBuildFile; fileRef = 6705774A265F364800701A29 /* LaunchScreen.storyboard */; };
		67057757265F364900701A29 /* TMBoard_4_0Tests.swift in Sources */ = {isa = PBXBuildFile; fileRef = 67057756265F364900701A29 /* TMBoard_4_0Tests.swift */; };
		67057762265F364900701A29 /* TMBoard_4_0UITests.swift in Sources */ = {isa = PBXBuildFile; fileRef = 67057761265F364900701A29 /* TMBoard_4_0UITests.swift */; };
/* End PBXBuildFile section */

/* Begin PBXContainerItemProxy section */
		67057753265F364900701A29 /* PBXContainerItemProxy */ = {
			isa = PBXContainerItemProxy;
			containerPortal = 67057734265F364800701A29 /* Project object */;
			proxyType = 1;
			remoteGlobalIDString = 6705773B265F364800701A29;
			remoteInfo = "TMBoard-4.0";
		};
		6705775E265F364900701A29 /* PBXContainerItemProxy */ = {
			isa = PBXContainerItemProxy;
			containerPortal = 67057734265F364800701A29 /* Project object */;
			proxyType = 1;
			remoteGlobalIDString = 6705773B265F364800701A29;
			remoteInfo = "TMBoard-4.0";
		};
/* End PBXContainerItemProxy section */

/* Begin PBXFileReference section */
		6705773C265F364800701A29 /* TMBoard-4.0.app */ = {isa = PBXFileReference; explicitFileType = wrapper.application; includeInIndex = 0; path = "TMBoard-4.0.app"; sourceTree = BUILT_PRODUCTS_DIR; };
		6705773F265F364800701A29 /* AppDelegate.swift */ = {isa = PBXFileReference; lastKnownFileType = sourcecode.swift; path = AppDelegate.swift; sourceTree = "<group>"; };
		67057741265F364800701A29 /* SceneDelegate.swift */ = {isa = PBXFileReference; lastKnownFileType = sourcecode.swift; path = SceneDelegate.swift; sourceTree = "<group>"; };
		67057743265F364800701A29 /* ViewController.swift */ = {isa = PBXFileReference; lastKnownFileType = sourcecode.swift; path = ViewController.swift; sourceTree = "<group>"; };
		67057746265F364800701A29 /* Base */ = {isa = PBXFileReference; lastKnownFileType = file.storyboard; name = Base; path = Base.lproj/Main.storyboard; sourceTree = "<group>"; };
		67057748265F364800701A29 /* Assets.xcassets */ = {isa = PBXFileReference; lastKnownFileType = folder.assetcatalog; path = Assets.xcassets; sourceTree = "<group>"; };
		6705774B265F364800701A29 /* Base */ = {isa = PBXFileReference; lastKnownFileType = file.storyboard; name = Base; path = Base.lproj/LaunchScreen.storyboard; sourceTree = "<group>"; };
		6705774D265F364800701A29 /* Info.plist */ = {isa = PBXFileReference; lastKnownFileType = text.plist.xml; path = Info.plist; sourceTree = "<group>"; };
		67057752265F364900701A29 /* TMBoard-4.0Tests.xctest */ = {isa = PBXFileReference; explicitFileType = wrapper.cfbundle; includeInIndex = 0; path = "TMBoard-4.0Tests.xctest"; sourceTree = BUILT_PRODUCTS_DIR; };
		67057756265F364900701A29 /* TMBoard_4_0Tests.swift */ = {isa = PBXFileReference; lastKnownFileType = sourcecode.swift; path = TMBoard_4_0Tests.swift; sourceTree = "<group>"; };
		67057758265F364900701A29 /* Info.plist */ = {isa = PBXFileReference; lastKnownFileType = text.plist.xml; path = Info.plist; sourceTree = "<group>"; };
		6705775D265F364900701A29 /* TMBoard-4.0UITests.xctest */ = {isa = PBXFileReference; explicitFileType = wrapper.cfbundle; includeInIndex = 0; path = "TMBoard-4.0UITests.xctest"; sourceTree = BUILT_PRODUCTS_DIR; };
		67057761265F364900701A29 /* TMBoard_4_0UITests.swift */ = {isa = PBXFileReference; lastKnownFileType = sourcecode.swift; path = TMBoard_4_0UITests.swift; sourceTree = "<group>"; };
		67057763265F364900701A29 /* Info.plist */ = {isa = PBXFileReference; lastKnownFileType = text.plist.xml; path = Info.plist; sourceTree = "<group>"; };
/* End PBXFileReference section */

/* Begin PBXFrameworksBuildPhase section */
		67057739265F364800701A29 /* Frameworks */ = {
			isa = PBXFrameworksBuildPhase;
			buildActionMask = 2147483647;
			files = (
			);
			runOnlyForDeploymentPostprocessing = 0;
		};
		6705774F265F364900701A29 /* Frameworks */ = {
			isa = PBXFrameworksBuildPhase;
			buildActionMask = 2147483647;
			files = (
			);
			runOnlyForDeploymentPostprocessing = 0;
		};
		6705775A265F364900701A29 /* Frameworks */ = {
			isa = PBXFrameworksBuildPhase;
			buildActionMask = 2147483647;
			files = (
			);
			runOnlyForDeploymentPostprocessing = 0;
		};
/* End PBXFrameworksBuildPhase section */

/* Begin PBXGroup section */
		67057733265F364800701A29 = {
			isa = PBXGroup;
			children = (
				6705773E265F364800701A29 /* TMBoard-4.0 */,
				67057755265F364900701A29 /* TMBoard-4.0Tests */,
				67057760265F364900701A29 /* TMBoard-4.0UITests */,
				6705773D265F364800701A29 /* Products */,
			);
			sourceTree = "<group>";
		};
		6705773D265F364800701A29 /* Products */ = {
			isa = PBXGroup;
			children = (
				6705773C265F364800701A29 /* TMBoard-4.0.app */,
				67057752265F364900701A29 /* TMBoard-4.0Tests.xctest */,
				6705775D265F364900701A29 /* TMBoard-4.0UITests.xctest */,
			);
			name = Products;
			sourceTree = "<group>";
		};
		6705773E265F364800701A29 /* TMBoard-4.0 */ = {
			isa = PBXGroup;
			children = (
				6705773F265F364800701A29 /* AppDelegate.swift */,
				67057741265F364800701A29 /* SceneDelegate.swift */,
				67057743265F364800701A29 /* ViewController.swift */,
				67057745265F364800701A29 /* Main.storyboard */,
				67057748265F364800701A29 /* Assets.xcassets */,
				6705774A265F364800701A29 /* LaunchScreen.storyboard */,
				6705774D265F364800701A29 /* Info.plist */,
			);
			path = "TMBoard-4.0";
			sourceTree = "<group>";
		};
		67057755265F364900701A29 /* TMBoard-4.0Tests */ = {
			isa = PBXGroup;
			children = (
				67057756265F364900701A29 /* TMBoard_4_0Tests.swift */,
				67057758265F364900701A29 /* Info.plist */,
			);
			path = "TMBoard-4.0Tests";
			sourceTree = "<group>";
		};
		67057760265F364900701A29 /* TMBoard-4.0UITests */ = {
			isa = PBXGroup;
			children = (
				67057761265F364900701A29 /* TMBoard_4_0UITests.swift */,
				67057763265F364900701A29 /* Info.plist */,
			);
			path = "TMBoard-4.0UITests";
			sourceTree = "<group>";
		};
/* End PBXGroup section */

/* Begin PBXNativeTarget section */
		6705773B265F364800701A29 /* TMBoard-4.0 */ = {
			isa = PBXNativeTarget;
			buildConfigurationList = 67057766265F364900701A29 /* Build configuration list for PBXNativeTarget "TMBoard-4.0" */;
			buildPhases = (
				67057738265F364800701A29 /* Sources */,
				67057739265F364800701A29 /* Frameworks */,
				6705773A265F364800701A29 /* Resources */,
			);
			buildRules = (
			);
			dependencies = (
			);
			name = "TMBoard-4.0";
			productName = "TMBoard-4.0";
			productReference = 6705773C265F364800701A29 /* TMBoard-4.0.app */;
			productType = "com.apple.product-type.application";
		};
		67057751265F364900701A29 /* TMBoard-4.0Tests */ = {
			isa = PBXNativeTarget;
			buildConfigurationList = 67057769265F364900701A29 /* Build configuration list for PBXNativeTarget "TMBoard-4.0Tests" */;
			buildPhases = (
				6705774E265F364900701A29 /* Sources */,
				6705774F265F364900701A29 /* Frameworks */,
				67057750265F364900701A29 /* Resources */,
			);
			buildRules = (
			);
			dependencies = (
				67057754265F364900701A29 /* PBXTargetDependency */,
			);
			name = "TMBoard-4.0Tests";
			productName = "TMBoard-4.0Tests";
			productReference = 67057752265F364900701A29 /* TMBoard-4.0Tests.xctest */;
			productType = "com.apple.product-type.bundle.unit-test";
		};
		6705775C265F364900701A29 /* TMBoard-4.0UITests */ = {
			isa = PBXNativeTarget;
			buildConfigurationList = 6705776C265F364900701A29 /* Build configuration list for PBXNativeTarget "TMBoard-4.0UITests" */;
			buildPhases = (
				67057759265F364900701A29 /* Sources */,
				6705775A265F364900701A29 /* Frameworks */,
				6705775B265F364900701A29 /* Resources */,
			);
			buildRules = (
			);
			dependencies = (
				6705775F265F364900701A29 /* PBXTargetDependency */,
			);
			name = "TMBoard-4.0UITests";
			productName = "TMBoard-4.0UITests";
			productReference = 6705775D265F364900701A29 /* TMBoard-4.0UITests.xctest */;
			productType = "com.apple.product-type.bundle.ui-testing";
		};
/* End PBXNativeTarget section */

/* Begin PBXProject section */
		67057734265F364800701A29 /* Project object */ = {
			isa = PBXProject;
			attributes = {
				LastSwiftUpdateCheck = 1230;
				LastUpgradeCheck = 1230;
				TargetAttributes = {
					6705773B265F364800701A29 = {
						CreatedOnToolsVersion = 12.3;
					};
					67057751265F364900701A29 = {
						CreatedOnToolsVersion = 12.3;
						TestTargetID = 6705773B265F364800701A29;
					};
					6705775C265F364900701A29 = {
						CreatedOnToolsVersion = 12.3;
						TestTargetID = 6705773B265F364800701A29;
					};
				};
			};
			buildConfigurationList = 67057737265F364800701A29 /* Build configuration list for PBXProject "TMBoard-4.0" */;
			compatibilityVersion = "Xcode 9.3";
			developmentRegion = en;
			hasScannedForEncodings = 0;
			knownRegions = (
				en,
				Base,
			);
			mainGroup = 67057733265F364800701A29;
			productRefGroup = 6705773D265F364800701A29 /* Products */;
			projectDirPath = "";
			projectRoot = "";
			targets = (
				6705773B265F364800701A29 /* TMBoard-4.0 */,
				67057751265F364900701A29 /* TMBoard-4.0Tests */,
				6705775C265F364900701A29 /* TMBoard-4.0UITests */,
			);
		};
/* End PBXProject section */

/* Begin PBXResourcesBuildPhase section */
		6705773A265F364800701A29 /* Resources */ = {
			isa = PBXResourcesBuildPhase;
			buildActionMask = 2147483647;
			files = (
				6705774C265F364800701A29 /* LaunchScreen.storyboard in Resources */,
				67057749265F364800701A29 /* Assets.xcassets in Resources */,
				67057747265F364800701A29 /* Main.storyboard in Resources */,
			);
			runOnlyForDeploymentPostprocessing = 0;
		};
		67057750265F364900701A29 /* Resources */ = {
			isa = PBXResourcesBuildPhase;
			buildActionMask = 2147483647;
			files = (
			);
			runOnlyForDeploymentPostprocessing = 0;
		};
		6705775B265F364900701A29 /* Resources */ = {
			isa = PBXResourcesBuildPhase;
			buildActionMask = 2147483647;
			files = (
			);
			runOnlyForDeploymentPostprocessing = 0;
		};
/* End PBXResourcesBuildPhase section */

/* Begin PBXSourcesBuildPhase section */
		67057738265F364800701A29 /* Sources */ = {
			isa = PBXSourcesBuildPhase;
			buildActionMask = 2147483647;
			files = (
				67057744265F364800701A29 /* ViewController.swift in Sources */,
				67057740265F364800701A29 /* AppDelegate.swift in Sources */,
				67057742265F364800701A29 /* SceneDelegate.swift in Sources */,
			);
			runOnlyForDeploymentPostprocessing = 0;
		};
		6705774E265F364900701A29 /* Sources */ = {
			isa = PBXSourcesBuildPhase;
			buildActionMask = 2147483647;
			files = (
				67057757265F364900701A29 /* TMBoard_4_0Tests.swift in Sources */,
			);
			runOnlyForDeploymentPostprocessing = 0;
		};
		67057759265F364900701A29 /* Sources */ = {
			isa = PBXSourcesBuildPhase;
			buildActionMask = 2147483647;
			files = (
				67057762265F364900701A29 /* TMBoard_4_0UITests.swift in Sources */,
			);
			runOnlyForDeploymentPostprocessing = 0;
		};
/* End PBXSourcesBuildPhase section */

/* Begin PBXTargetDependency section */
		67057754265F364900701A29 /* PBXTargetDependency */ = {
			isa = PBXTargetDependency;
			target = 6705773B265F364800701A29 /* TMBoard-4.0 */;
			targetProxy = 67057753265F364900701A29 /* PBXContainerItemProxy */;
		};
		6705775F265F364900701A29 /* PBXTargetDependency */ = {
			isa = PBXTargetDependency;
			target = 6705773B265F364800701A29 /* TMBoard-4.0 */;
			targetProxy = 6705775E265F364900701A29 /* PBXContainerItemProxy */;
		};
/* End PBXTargetDependency section */

/* Begin PBXVariantGroup section */
		67057745265F364800701A29 /* Main.storyboard */ = {
			isa = PBXVariantGroup;
			children = (
				67057746265F364800701A29 /* Base */,
			);
			name = Main.storyboard;
			sourceTree = "<group>";
		};
		6705774A265F364800701A29 /* LaunchScreen.storyboard */ = {
			isa = PBXVariantGroup;
			children = (
				6705774B265F364800701A29 /* Base */,
			);
			name = LaunchScreen.storyboard;
			sourceTree = "<group>";
		};
/* End PBXVariantGroup section */

/* Begin XCBuildConfiguration section */
		67057764265F364900701A29 /* Debug */ = {
			isa = XCBuildConfiguration;
			buildSettings = {
				ALWAYS_SEARCH_USER_PATHS = NO;
				CLANG_ANALYZER_NONNULL = YES;
				CLANG_ANALYZER_NUMBER_OBJECT_CONVERSION = YES_AGGRESSIVE;
				CLANG_CXX_LANGUAGE_STANDARD = "gnu++14";
				CLANG_CXX_LIBRARY = "libc++";
				CLANG_ENABLE_MODULES = YES;
				CLANG_ENABLE_OBJC_ARC = YES;
				CLANG_ENABLE_OBJC_WEAK = YES;
				CLANG_WARN_BLOCK_CAPTURE_AUTORELEASING = YES;
				CLANG_WARN_BOOL_CONVERSION = YES;
				CLANG_WARN_COMMA = YES;
				CLANG_WARN_CONSTANT_CONVERSION = YES;
				CLANG_WARN_DEPRECATED_OBJC_IMPLEMENTATIONS = YES;
				CLANG_WARN_DIRECT_OBJC_ISA_USAGE = YES_ERROR;
				CLANG_WARN_DOCUMENTATION_COMMENTS = YES;
				CLANG_WARN_EMPTY_BODY = YES;
				CLANG_WARN_ENUM_CONVERSION = YES;
				CLANG_WARN_INFINITE_RECURSION = YES;
				CLANG_WARN_INT_CONVERSION = YES;
				CLANG_WARN_NON_LITERAL_NULL_CONVERSION = YES;
				CLANG_WARN_OBJC_IMPLICIT_RETAIN_SELF = YES;
				CLANG_WARN_OBJC_LITERAL_CONVERSION = YES;
				CLANG_WARN_OBJC_ROOT_CLASS = YES_ERROR;
				CLANG_WARN_QUOTED_INCLUDE_IN_FRAMEWORK_HEADER = YES;
				CLANG_WARN_RANGE_LOOP_ANALYSIS = YES;
				CLANG_WARN_STRICT_PROTOTYPES = YES;
				CLANG_WARN_SUSPICIOUS_MOVE = YES;
				CLANG_WARN_UNGUARDED_AVAILABILITY = YES_AGGRESSIVE;
				CLANG_WARN_UNREACHABLE_CODE = YES;
				CLANG_WARN__DUPLICATE_METHOD_MATCH = YES;
				COPY_PHASE_STRIP = NO;
				DEBUG_INFORMATION_FORMAT = dwarf;
				ENABLE_STRICT_OBJC_MSGSEND = YES;
				ENABLE_TESTABILITY = YES;
				GCC_C_LANGUAGE_STANDARD = gnu11;
				GCC_DYNAMIC_NO_PIC = NO;
				GCC_NO_COMMON_BLOCKS = YES;
				GCC_OPTIMIZATION_LEVEL = 0;
				GCC_PREPROCESSOR_DEFINITIONS = (
					"DEBUG=1",
					"$(inherited)",
				);
				GCC_WARN_64_TO_32_BIT_CONVERSION = YES;
				GCC_WARN_ABOUT_RETURN_TYPE = YES_ERROR;
				GCC_WARN_UNDECLARED_SELECTOR = YES;
				GCC_WARN_UNINITIALIZED_AUTOS = YES_AGGRESSIVE;
				GCC_WARN_UNUSED_FUNCTION = YES;
				GCC_WARN_UNUSED_VARIABLE = YES;
				IPHONEOS_DEPLOYMENT_TARGET = 14.3;
				MTL_ENABLE_DEBUG_INFO = INCLUDE_SOURCE;
				MTL_FAST_MATH = YES;
				ONLY_ACTIVE_ARCH = YES;
				SDKROOT = iphoneos;
				SWIFT_ACTIVE_COMPILATION_CONDITIONS = DEBUG;
				SWIFT_OPTIMIZATION_LEVEL = "-Onone";
			};
			name = Debug;
		};
		67057765265F364900701A29 /* Release */ = {
			isa = XCBuildConfiguration;
			buildSettings = {
				ALWAYS_SEARCH_USER_PATHS = NO;
				CLANG_ANALYZER_NONNULL = YES;
				CLANG_ANALYZER_NUMBER_OBJECT_CONVERSION = YES_AGGRESSIVE;
				CLANG_CXX_LANGUAGE_STANDARD = "gnu++14";
				CLANG_CXX_LIBRARY = "libc++";
				CLANG_ENABLE_MODULES = YES;
				CLANG_ENABLE_OBJC_ARC = YES;
				CLANG_ENABLE_OBJC_WEAK = YES;
				CLANG_WARN_BLOCK_CAPTURE_AUTORELEASING = YES;
				CLANG_WARN_BOOL_CONVERSION = YES;
				CLANG_WARN_COMMA = YES;
				CLANG_WARN_CONSTANT_CONVERSION = YES;
				CLANG_WARN_DEPRECATED_OBJC_IMPLEMENTATIONS = YES;
				CLANG_WARN_DIRECT_OBJC_ISA_USAGE = YES_ERROR;
				CLANG_WARN_DOCUMENTATION_COMMENTS = YES;
				CLANG_WARN_EMPTY_BODY = YES;
				CLANG_WARN_ENUM_CONVERSION = YES;
				CLANG_WARN_INFINITE_RECURSION = YES;
				CLANG_WARN_INT_CONVERSION = YES;
				CLANG_WARN_NON_LITERAL_NULL_CONVERSION = YES;
				CLANG_WARN_OBJC_IMPLICIT_RETAIN_SELF = YES;
				CLANG_WARN_OBJC_LITERAL_CONVERSION = YES;
				CLANG_WARN_OBJC_ROOT_CLASS = YES_ERROR;
				CLANG_WARN_QUOTED_INCLUDE_IN_FRAMEWORK_HEADER = YES;
				CLANG_WARN_RANGE_LOOP_ANALYSIS = YES;
				CLANG_WARN_STRICT_PROTOTYPES = YES;
				CLANG_WARN_SUSPICIOUS_MOVE = YES;
				CLANG_WARN_UNGUARDED_AVAILABILITY = YES_AGGRESSIVE;
				CLANG_WARN_UNREACHABLE_CODE = YES;
				CLANG_WARN__DUPLICATE_METHOD_MATCH = YES;
				COPY_PHASE_STRIP = NO;
				DEBUG_INFORMATION_FORMAT = "dwarf-with-dsym";
				ENABLE_NS_ASSERTIONS = NO;
				ENABLE_STRICT_OBJC_MSGSEND = YES;
				GCC_C_LANGUAGE_STANDARD = gnu11;
				GCC_NO_COMMON_BLOCKS = YES;
				GCC_WARN_64_TO_32_BIT_CONVERSION = YES;
				GCC_WARN_ABOUT_RETURN_TYPE = YES_ERROR;
				GCC_WARN_UNDECLARED_SELECTOR = YES;
				GCC_WARN_UNINITIALIZED_AUTOS = YES_AGGRESSIVE;
				GCC_WARN_UNUSED_FUNCTION = YES;
				GCC_WARN_UNUSED_VARIABLE = YES;
				IPHONEOS_DEPLOYMENT_TARGET = 14.3;
				MTL_ENABLE_DEBUG_INFO = NO;
				MTL_FAST_MATH = YES;
				SDKROOT = iphoneos;
				SWIFT_COMPILATION_MODE = wholemodule;
				SWIFT_OPTIMIZATION_LEVEL = "-O";
				VALIDATE_PRODUCT = YES;
			};
			name = Release;
		};
		67057767265F364900701A29 /* Debug */ = {
			isa = XCBuildConfiguration;
			buildSettings = {
				ASSETCATALOG_COMPILER_APPICON_NAME = AppIcon;
				ASSETCATALOG_COMPILER_GLOBAL_ACCENT_COLOR_NAME = AccentColor;
				CODE_SIGN_STYLE = Automatic;
				DEVELOPMENT_TEAM = R5WUR2GT5Y;
				INFOPLIST_FILE = "TMBoard-4.0/Info.plist";
				LD_RUNPATH_SEARCH_PATHS = (
					"$(inherited)",
					"@executable_path/Frameworks",
				);
				PRODUCT_BUNDLE_IDENTIFIER = "satishbisa.TMBoard-4-0";
				PRODUCT_NAME = "$(TARGET_NAME)";
				SWIFT_VERSION = 5.0;
				TARGETED_DEVICE_FAMILY = "1,2";
			};
			name = Debug;
		};
		67057768265F364900701A29 /* Release */ = {
			isa = XCBuildConfiguration;
			buildSettings = {
				ASSETCATALOG_COMPILER_APPICON_NAME = AppIcon;
				ASSETCATALOG_COMPILER_GLOBAL_ACCENT_COLOR_NAME = AccentColor;
				CODE_SIGN_STYLE = Automatic;
				DEVELOPMENT_TEAM = R5WUR2GT5Y;
				INFOPLIST_FILE = "TMBoard-4.0/Info.plist";
				LD_RUNPATH_SEARCH_PATHS = (
					"$(inherited)",
					"@executable_path/Frameworks",
				);
				PRODUCT_BUNDLE_IDENTIFIER = "satishbisa.TMBoard-4-0";
				PRODUCT_NAME = "$(TARGET_NAME)";
				SWIFT_VERSION = 5.0;
				TARGETED_DEVICE_FAMILY = "1,2";
			};
			name = Release;
		};
		6705776A265F364900701A29 /* Debug */ = {
			isa = XCBuildConfiguration;
			buildSettings = {
				ALWAYS_EMBED_SWIFT_STANDARD_LIBRARIES = YES;
				BUNDLE_LOADER = "$(TEST_HOST)";
				CODE_SIGN_STYLE = Automatic;
				DEVELOPMENT_TEAM = R5WUR2GT5Y;
				INFOPLIST_FILE = "TMBoard-4.0Tests/Info.plist";
				IPHONEOS_DEPLOYMENT_TARGET = 14.3;
				LD_RUNPATH_SEARCH_PATHS = (
					"$(inherited)",
					"@executable_path/Frameworks",
					"@loader_path/Frameworks",
				);
				PRODUCT_BUNDLE_IDENTIFIER = "satishbisa.TMBoard-4-0Tests";
				PRODUCT_NAME = "$(TARGET_NAME)";
				SWIFT_VERSION = 5.0;
				TARGETED_DEVICE_FAMILY = "1,2";
				TEST_HOST = "$(BUILT_PRODUCTS_DIR)/TMBoard-4.0.app/TMBoard-4.0";
			};
			name = Debug;
		};
		6705776B265F364900701A29 /* Release */ = {
			isa = XCBuildConfiguration;
			buildSettings = {
				ALWAYS_EMBED_SWIFT_STANDARD_LIBRARIES = YES;
				BUNDLE_LOADER = "$(TEST_HOST)";
				CODE_SIGN_STYLE = Automatic;
				DEVELOPMENT_TEAM = R5WUR2GT5Y;
				INFOPLIST_FILE = "TMBoard-4.0Tests/Info.plist";
				IPHONEOS_DEPLOYMENT_TARGET = 14.3;
				LD_RUNPATH_SEARCH_PATHS = (
					"$(inherited)",
					"@executable_path/Frameworks",
					"@loader_path/Frameworks",
				);
				PRODUCT_BUNDLE_IDENTIFIER = "satishbisa.TMBoard-4-0Tests";
				PRODUCT_NAME = "$(TARGET_NAME)";
				SWIFT_VERSION = 5.0;
				TARGETED_DEVICE_FAMILY = "1,2";
				TEST_HOST = "$(BUILT_PRODUCTS_DIR)/TMBoard-4.0.app/TMBoard-4.0";
			};
			name = Release;
		};
		6705776D265F364900701A29 /* Debug */ = {
			isa = XCBuildConfiguration;
			buildSettings = {
				ALWAYS_EMBED_SWIFT_STANDARD_LIBRARIES = YES;
				CODE_SIGN_STYLE = Automatic;
				DEVELOPMENT_TEAM = R5WUR2GT5Y;
				INFOPLIST_FILE = "TMBoard-4.0UITests/Info.plist";
				LD_RUNPATH_SEARCH_PATHS = (
					"$(inherited)",
					"@executable_path/Frameworks",
					"@loader_path/Frameworks",
				);
				PRODUCT_BUNDLE_IDENTIFIER = "satishbisa.TMBoard-4-0UITests";
				PRODUCT_NAME = "$(TARGET_NAME)";
				SWIFT_VERSION = 5.0;
				TARGETED_DEVICE_FAMILY = "1,2";
				TEST_TARGET_NAME = "TMBoard-4.0";
			};
			name = Debug;
		};
		6705776E265F364900701A29 /* Release */ = {
			isa = XCBuildConfiguration;
			buildSettings = {
				ALWAYS_EMBED_SWIFT_STANDARD_LIBRARIES = YES;
				CODE_SIGN_STYLE = Automatic;
				DEVELOPMENT_TEAM = R5WUR2GT5Y;
				INFOPLIST_FILE = "TMBoard-4.0UITests/Info.plist";
				LD_RUNPATH_SEARCH_PATHS = (
					"$(inherited)",
					"@executable_path/Frameworks",
					"@loader_path/Frameworks",
				);
				PRODUCT_BUNDLE_IDENTIFIER = "satishbisa.TMBoard-4-0UITests";
				PRODUCT_NAME = "$(TARGET_NAME)";
				SWIFT_VERSION = 5.0;
				TARGETED_DEVICE_FAMILY = "1,2";
				TEST_TARGET_NAME = "TMBoard-4.0";
			};
			name = Release;
		};
/* End XCBuildConfiguration section */

/* Begin XCConfigurationList section */
		67057737265F364800701A29 /* Build configuration list for PBXProject "TMBoard-4.0" */ = {
			isa = XCConfigurationList;
			buildConfigurations = (
				67057764265F364900701A29 /* Debug */,
				67057765265F364900701A29 /* Release */,
			);
			defaultConfigurationIsVisible = 0;
			defaultConfigurationName = Release;
		};
		67057766265F364900701A29 /* Build configuration list for PBXNativeTarget "TMBoard-4.0" */ = {
			isa = XCConfigurationList;
			buildConfigurations = (
				67057767265F364900701A29 /* Debug */,
				67057768265F364900701A29 /* Release */,
			);
			defaultConfigurationIsVisible = 0;
			defaultConfigurationName = Release;
		};
		67057769265F364900701A29 /* Build configuration list for PBXNativeTarget "TMBoard-4.0Tests" */ = {
			isa = XCConfigurationList;
			buildConfigurations = (
				6705776A265F364900701A29 /* Debug */,
				6705776B265F364900701A29 /* Release */,
			);
			defaultConfigurationIsVisible = 0;
			defaultConfigurationName = Release;
		};
		6705776C265F364900701A29 /* Build configuration list for PBXNativeTarget "TMBoard-4.0UITests" */ = {
			isa = XCConfigurationList;
			buildConfigurations = (
				6705776D265F364900701A29 /* Debug */,
				6705776E265F364900701A29 /* Release */,
			);
			defaultConfigurationIsVisible = 0;
			defaultConfigurationName = Release;
		};
/* End XCConfigurationList section */
	};
	rootObject = 67057734265F364800701A29 /* Project object */;
}
